
Microsoft Visual Studio Solution File, Format Version 12.00
# Visual Studio 15
VisualStudioVersion = 15.0.28307.168
MinimumVisualStudioVersion = 10.0.40219.1
Project("{FAE04EC0-301F-11D3-BF4B-00C04F79EFBC}") = "RemoveItemFromListLINQ", "RemoveItemFromListLINQ\RemoveItemFromListLINQ.csproj", "{3D6A3281-2E63-40F5-A79D-ECD1F1F860A2}"
EndProject
Global
	GlobalSection(SolutionConfigurationPlatforms) = preSolution
		Debug|Any CPU = Debug|Any CPU
		Release|Any CPU = Release|Any CPU
	EndGlobalSection
	GlobalSection(ProjectConfigurationPlatforms) = postSolution
		{3D6A3281-2E63-40F5-A79D-ECD1F1F860A2}.Debug|Any CPU.ActiveCfg = Debug|Any CPU
		{3D6A3281-2E63-40F5-A79D-ECD1F1F860A2}.Debug|Any CPU.Build.0 = Debug|Any CPU
		{3D6A3281-2E63-40F5-A79D-ECD1F1F860A2}.Release|Any CPU.ActiveCfg = Release|Any CPU
		{3D6A3281-2E63-40F5-A79D-ECD1F1F860A2}.Release|Any CPU.Build.0 = Release|Any CPU
	EndGlobalSection
	GlobalSection(SolutionProperties) = preSolution
		HideSolutionNode = FALSE
	EndGlobalSection
	GlobalSection(ExtensibilityGlobals) = postSolution
		SolutionGuid = {10079C21-9AE0-491F-8899-A8158D79CDEC}
	EndGlobalSection
EndGlobal
